Microsoft Visual Studio Solution File, Format Version 12.00
# Visual Studio Version 17
VisualStudioVersion = 17.5.2.0
MinimumVisualStudioVersion = 10.0.40219.1
Project("{FAE04EC0-301F-11D3-BF4B-00C04F79EFBC}") = "Gladiators", "Gladiators.csproj", "{F5983F8A-F081-8F0C-DF6D-D485EB0AF844}"
EndProject
Global
	GlobalSection(SolutionConfigurationPlatforms) = preSolution
		Debug|Any CPU = Debug|Any CPU
		Release|Any CPU = Release|Any CPU
	EndGlobalSection
	GlobalSection(ProjectConfigurationPlatforms) = postSolution
		{F5983F8A-F081-8F0C-DF6D-D485EB0AF844}.Debug|Any CPU.ActiveCfg = Debug|Any CPU
		{F5983F8A-F081-8F0C-DF6D-D485EB0AF844}.Debug|Any CPU.Build.0 = Debug|Any CPU
		{F5983F8A-F081-8F0C-DF6D-D485EB0AF844}.Release|Any CPU.ActiveCfg = Release|Any CPU
		{F5983F8A-F081-8F0C-DF6D-D485EB0AF844}.Release|Any CPU.Build.0 = Release|Any CPU
	EndGlobalSection
	GlobalSection(SolutionProperties) = preSolution
		HideSolutionNode = FALSE
	EndGlobalSection
	GlobalSection(ExtensibilityGlobals) = postSolution
		SolutionGuid = {C2960251-3250-4282-BD2E-93A693A38181}
	EndGlobalSection
EndGlobal
